<?xml version="1.0" encoding="utf-8"?>
<Project ToolsVersion="4.0" xmlns="http://schemas.microsoft.com/developer/msbuild/2003">
  <ItemGroup>
    <Filter Include="Source Files">
      <UniqueIdentifier>{4FC737F1-C7A5-4376-A066-2A32D752A2FF}</UniqueIdentifier>
      <Extensions>cpp;c;cc;cxx;def;odl;idl;hpj;bat;asm;asmx</Extensions>
    </Filter>
    <Filter Include="Header Files">
      <UniqueIdentifier>{93995380-89BD-4b04-88EB-625FBE52EBFB}</UniqueIdentifier>
      <Extensions>h;hh;hpp;hxx;hm;inl;inc;ipp;xsd</Extensions>
    </Filter>
    <Filter Include="Resource Files">
      <UniqueIdentifier>{67DA6AB6-F800-4c08-8B7A-83BB121AAD01}</UniqueIdentifier>
      <Extensions>rc;ico;cur;bmp;dlg;rc2;rct;bin;rgs;gif;jpg;jpeg;jpe;resx;tiff;tif;png;wav;mfcribbon-ms</Extensions>
    </Filter>
    <Filter Include="Source Files\entitate">
      <UniqueIdentifier>{f6d38370-75ec-4a3c-8642-190f1e2d1f28}</UniqueIdentifier>
    </Filter>
    <Filter Include="Header Files\entitate">
      <UniqueIdentifier>{be0c50e8-db7e-4794-b809-363c380e8a10}</UniqueIdentifier>
    </Filter>
  </ItemGroup>
  <ItemGroup>
    <ClCompile Include="main.cpp">
      <Filter>Source Files</Filter>
    </ClCompile>
    <ClCompile Include="ctrl.cpp">
      <Filter>Source Files</Filter>
    </ClCompile>
    <ClCompile Include="ui.cpp">
      <Filter>Source Files</Filter>
    </ClCompile>
    <ClCompile Include="bus.cpp">
      <Filter>Source Files\entitate</Filter>
    </ClCompile>
    <ClCompile Include="user.cpp">
      <Filter>Source Files\entitate</Filter>
    </ClCompile>
    <ClCompile Include="zona.cpp">
      <Filter>Source Files\entitate</Filter>
    </ClCompile>
    <ClCompile Include="teste.cpp">
      <Filter>Source Files</Filter>
    </ClCompile>
  </ItemGroup>
  <ItemGroup>
    <ClInclude Include="repo.h">
      <Filter>Header Files</Filter>
    </ClInclude>
    <ClInclude Include="ctrl.h">
      <Filter>Header Files</Filter>
    </ClInclude>
    <ClInclude Include="ui.h">
      <Filter>Header Files</Filter>
    </ClInclude>
    <ClInclude Include="bus.h">
      <Filter>Header Files\entitate</Filter>
    </ClInclude>
    <ClInclude Include="user.h">
      <Filter>Header Files\entitate</Filter>
    </ClInclude>
    <ClInclude Include="zona.h">
      <Filter>Header Files\entitate</Filter>
    </ClInclude>
    <ClInclude Include="except.h">
      <Filter>Header Files</Filter>
    </ClInclude>
    <ClInclude Include="teste.h">
      <Filter>Header Files</Filter>
    </ClInclude>
  </ItemGroup>
  <ItemGroup>
    <None Include="listazone.in">
      <Filter>Resource Files</Filter>
    </None>
    <None Include="listabilet.in">
      <Filter>Resource Files</Filter>
    </None>
    <None Include="listaid.in">
      <Filter>Resource Files</Filter>
    </None>
  </ItemGroup>
</Project>